// !$*UTF8*$!
{
	archiveVersion = 1;
	classes = {
	};
	objectVersion = 50;
	objects = {

/* Begin PBXBuildFile section */
		522AEC8E25F820AB00B3F4FE /* main.swift in Sources */ = {isa = PBXBuildFile; fileRef = 522AEC8D25F820AB00B3F4FE /* main.swift */; };
		522AEC9725F8210400B3F4FE /* Recursion.swift in Sources */ = {isa = PBXBuildFile; fileRef = 522AEC9625F8210400B3F4FE /* Recursion.swift */; };
		522AEC9D25F8383B00B3F4FE /* String+DPStringTool.swift in Sources */ = {isa = PBXBuildFile; fileRef = 522AEC9C25F8383B00B3F4FE /* String+DPStringTool.swift */; };
		52477BCF25F9D7F300E419B8 /* ExhaustiveSearch.swift in Sources */ = {isa = PBXBuildFile; fileRef = 52477BCE25F9D7F300E419B8 /* ExhaustiveSearch.swift */; };
		52D5ED7D25FB373200D3C9E7 /* BackTracking.swift in Sources */ = {isa = PBXBuildFile; fileRef = 52D5ED7C25FB373100D3C9E7 /* BackTracking.swift */; };
		52D5ED8125FC4C3400D3C9E7 /* DirectoryCrawler.swift in Sources */ = {isa = PBXBuildFile; fileRef = 52D5ED8025FC4C3400D3C9E7 /* DirectoryCrawler.swift */; };
		52D5ED8725FD43AF00D3C9E7 /* Board.swift in Sources */ = {isa = PBXBuildFile; fileRef = 52D5ED8525FD43AF00D3C9E7 /* Board.swift */; };
		52D5ED8825FD43AF00D3C9E7 /* QueensSolver.swift in Sources */ = {isa = PBXBuildFile; fileRef = 52D5ED8625FD43AF00D3C9E7 /* QueensSolver.swift */; };
		52D5ED8D25FEBB2E00D3C9E7 /* Searching.swift in Sources */ = {isa = PBXBuildFile; fileRef = 52D5ED8B25FEBB2D00D3C9E7 /* Searching.swift */; };
		52D5ED8E25FEBB2E00D3C9E7 /* Sorting.swift in Sources */ = {isa = PBXBuildFile; fileRef = 52D5ED8C25FEBB2E00D3C9E7 /* Sorting.swift */; };
		52D5ED9125FEDF9600D3C9E7 /* QuickSort.swift in Sources */ = {isa = PBXBuildFile; fileRef = 52D5ED9025FEDF9600D3C9E7 /* QuickSort.swift */; };
		52D5ED952600086A00D3C9E7 /* Bag.swift in Sources */ = {isa = PBXBuildFile; fileRef = 52D5ED942600086A00D3C9E7 /* Bag.swift */; };
		52D5ED992600264D00D3C9E7 /* Stack.swift in Sources */ = {isa = PBXBuildFile; fileRef = 52D5ED982600264D00D3C9E7 /* Stack.swift */; };
		52D5ED9D2600342F00D3C9E7 /* Queue.swift in Sources */ = {isa = PBXBuildFile; fileRef = 52D5ED9C2600342F00D3C9E7 /* Queue.swift */; };
/* End PBXBuildFile section */

/* Begin PBXCopyFilesBuildPhase section */
		522AEC8825F820AB00B3F4FE /* CopyFiles */ = {
			isa = PBXCopyFilesBuildPhase;
			buildActionMask = 2147483647;
			dstPath = /usr/share/man/man1/;
			dstSubfolderSpec = 0;
			files = (
			);
			runOnlyForDeploymentPostprocessing = 1;
		};
/* End PBXCopyFilesBuildPhase section */

/* Begin PBXFileReference section */
		522AEC8A25F820AB00B3F4FE /* AlgorithmsDataStructures */ = {isa = PBXFileReference; explicitFileType = "compiled.mach-o.executable"; includeInIndex = 0; path = AlgorithmsDataStructures; sourceTree = BUILT_PRODUCTS_DIR; };
		522AEC8D25F820AB00B3F4FE /* main.swift */ = {isa = PBXFileReference; lastKnownFileType = sourcecode.swift; path = main.swift; sourceTree = "<group>"; };
		522AEC9625F8210400B3F4FE /* Recursion.swift */ = {isa = PBXFileReference; lastKnownFileType = sourcecode.swift; path = Recursion.swift; sourceTree = "<group>"; };
		522AEC9A25F8313100B3F4FE /* provinces.txt */ = {isa = PBXFileReference; lastKnownFileType = text; path = provinces.txt; sourceTree = "<group>"; };
		522AEC9C25F8383B00B3F4FE /* String+DPStringTool.swift */ = {isa = PBXFileReference; fileEncoding = 4; lastKnownFileType = sourcecode.swift; path = "String+DPStringTool.swift"; sourceTree = "<group>"; };
		52477BCE25F9D7F300E419B8 /* ExhaustiveSearch.swift */ = {isa = PBXFileReference; fileEncoding = 4; lastKnownFileType = sourcecode.swift; path = ExhaustiveSearch.swift; sourceTree = "<group>"; };
		52D5ED7C25FB373100D3C9E7 /* BackTracking.swift */ = {isa = PBXFileReference; fileEncoding = 4; lastKnownFileType = sourcecode.swift; path = BackTracking.swift; sourceTree = "<group>"; };
		52D5ED8025FC4C3400D3C9E7 /* DirectoryCrawler.swift */ = {isa = PBXFileReference; lastKnownFileType = sourcecode.swift; path = DirectoryCrawler.swift; sourceTree = "<group>"; };
		52D5ED8525FD43AF00D3C9E7 /* Board.swift */ = {isa = PBXFileReference; fileEncoding = 4; lastKnownFileType = sourcecode.swift; path = Board.swift; sourceTree = "<group>"; };
		52D5ED8625FD43AF00D3C9E7 /* QueensSolver.swift */ = {isa = PBXFileReference; fileEncoding = 4; lastKnownFileType = sourcecode.swift; path = QueensSolver.swift; sourceTree = "<group>"; };
		52D5ED8B25FEBB2D00D3C9E7 /* Searching.swift */ = {isa = PBXFileReference; fileEncoding = 4; lastKnownFileType = sourcecode.swift; path = Searching.swift; sourceTree = "<group>"; };
		52D5ED8C25FEBB2E00D3C9E7 /* Sorting.swift */ = {isa = PBXFileReference; fileEncoding = 4; lastKnownFileType = sourcecode.swift; path = Sorting.swift; sourceTree = "<group>"; };
		52D5ED9025FEDF9600D3C9E7 /* QuickSort.swift */ = {isa = PBXFileReference; lastKnownFileType = sourcecode.swift; path = QuickSort.swift; sourceTree = "<group>"; };
		52D5ED942600086A00D3C9E7 /* Bag.swift */ = {isa = PBXFileReference; fileEncoding = 4; lastKnownFileType = sourcecode.swift; path = Bag.swift; sourceTree = "<group>"; };
		52D5ED982600264D00D3C9E7 /* Stack.swift */ = {isa = PBXFileReference; lastKnownFileType = sourcecode.swift; path = Stack.swift; sourceTree = "<group>"; };
		52D5ED9C2600342F00D3C9E7 /* Queue.swift */ = {isa = PBXFileReference; lastKnownFileType = sourcecode.swift; path = Queue.swift; sourceTree = "<group>"; };
/* End PBXFileReference section */

/* Begin PBXFrameworksBuildPhase section */
		522AEC8725F820AB00B3F4FE /* Frameworks */ = {
			isa = PBXFrameworksBuildPhase;
			buildActionMask = 2147483647;
			files = (
			);
			runOnlyForDeploymentPostprocessing = 0;
		};
/* End PBXFrameworksBuildPhase section */

/* Begin PBXGroup section */
		522AEC8125F820AA00B3F4FE = {
			isa = PBXGroup;
			children = (
				522AEC8C25F820AB00B3F4FE /* AlgorithmsDataStructures */,
				522AEC8B25F820AB00B3F4FE /* Products */,
			);
			sourceTree = "<group>";
		};
		522AEC8B25F820AB00B3F4FE /* Products */ = {
			isa = PBXGroup;
			children = (
				522AEC8A25F820AB00B3F4FE /* AlgorithmsDataStructures */,
			);
			name = Products;
			sourceTree = "<group>";
		};
		522AEC8C25F820AB00B3F4FE /* AlgorithmsDataStructures */ = {
			isa = PBXGroup;
			children = (
				522AEC9C25F8383B00B3F4FE /* String+DPStringTool.swift */,
				52D5ED8A25FEBB0900D3C9E7 /* Sorting and Searching */,
				522AEC9525F820F900B3F4FE /* Recursion */,
				522AEC8D25F820AB00B3F4FE /* main.swift */,
				52D5ED972600087000D3C9E7 /* Data Structure */,
			);
			path = AlgorithmsDataStructures;
			sourceTree = "<group>";
		};
		522AEC9525F820F900B3F4FE /* Recursion */ = {
			isa = PBXGroup;
			children = (
				52D5ED8425FD43A100D3C9E7 /* NQueens */,
				52D5ED7C25FB373100D3C9E7 /* BackTracking.swift */,
				522AEC9625F8210400B3F4FE /* Recursion.swift */,
				52D5ED8025FC4C3400D3C9E7 /* DirectoryCrawler.swift */,
				52477BCE25F9D7F300E419B8 /* ExhaustiveSearch.swift */,
				522AEC9A25F8313100B3F4FE /* provinces.txt */,
			);
			path = Recursion;
			sourceTree = "<group>";
		};
		52D5ED8425FD43A100D3C9E7 /* NQueens */ = {
			isa = PBXGroup;
			children = (
				52D5ED8525FD43AF00D3C9E7 /* Board.swift */,
				52D5ED8625FD43AF00D3C9E7 /* QueensSolver.swift */,
			);
			name = NQueens;
			sourceTree = "<group>";
		};
		52D5ED8A25FEBB0900D3C9E7 /* Sorting and Searching */ = {
			isa = PBXGroup;
			children = (
				52D5ED8B25FEBB2D00D3C9E7 /* Searching.swift */,
				52D5ED8C25FEBB2E00D3C9E7 /* Sorting.swift */,
				52D5ED9025FEDF9600D3C9E7 /* QuickSort.swift */,
			);
			path = "Sorting and Searching";
			sourceTree = "<group>";
		};
		52D5ED972600087000D3C9E7 /* Data Structure */ = {
			isa = PBXGroup;
			children = (
				52D5ED942600086A00D3C9E7 /* Bag.swift */,
				52D5ED982600264D00D3C9E7 /* Stack.swift */,
				52D5ED9C2600342F00D3C9E7 /* Queue.swift */,
			);
			path = "Data Structure";
			sourceTree = "<group>";
		};
/* End PBXGroup section */

/* Begin PBXNativeTarget section */
		522AEC8925F820AB00B3F4FE /* AlgorithmsDataStructures */ = {
			isa = PBXNativeTarget;
			buildConfigurationList = 522AEC9125F820AB00B3F4FE /* Build configuration list for PBXNativeTarget "AlgorithmsDataStructures" */;
			buildPhases = (
				522AEC8625F820AB00B3F4FE /* Sources */,
				522AEC8725F820AB00B3F4FE /* Frameworks */,
				522AEC8825F820AB00B3F4FE /* CopyFiles */,
			);
			buildRules = (
			);
			dependencies = (
			);
			name = AlgorithmsDataStructures;
			productName = AlgorithmsDataStructures;
			productReference = 522AEC8A25F820AB00B3F4FE /* AlgorithmsDataStructures */;
			productType = "com.apple.product-type.tool";
		};
/* End PBXNativeTarget section */

/* Begin PBXProject section */
		522AEC8225F820AA00B3F4FE /* Project object */ = {
			isa = PBXProject;
			attributes = {
				LastSwiftUpdateCheck = 1240;
				LastUpgradeCheck = 1240;
				TargetAttributes = {
					522AEC8925F820AB00B3F4FE = {
						CreatedOnToolsVersion = 12.4;
					};
				};
			};
			buildConfigurationList = 522AEC8525F820AA00B3F4FE /* Build configuration list for PBXProject "AlgorithmsDataStructures" */;
			compatibilityVersion = "Xcode 9.3";
			developmentRegion = en;
			hasScannedForEncodings = 0;
			knownRegions = (
				en,
				Base,
			);
			mainGroup = 522AEC8125F820AA00B3F4FE;
			productRefGroup = 522AEC8B25F820AB00B3F4FE /* Products */;
			projectDirPath = "";
			projectRoot = "";
			targets = (
				522AEC8925F820AB00B3F4FE /* AlgorithmsDataStructures */,
			);
		};
/* End PBXProject section */

/* Begin PBXSourcesBuildPhase section */
		522AEC8625F820AB00B3F4FE /* Sources */ = {
			isa = PBXSourcesBuildPhase;
			buildActionMask = 2147483647;
			files = (
				52D5ED8D25FEBB2E00D3C9E7 /* Searching.swift in Sources */,
				52D5ED9D2600342F00D3C9E7 /* Queue.swift in Sources */,
				52D5ED992600264D00D3C9E7 /* Stack.swift in Sources */,
				522AEC9D25F8383B00B3F4FE /* String+DPStringTool.swift in Sources */,
				52D5ED8825FD43AF00D3C9E7 /* QueensSolver.swift in Sources */,
				52477BCF25F9D7F300E419B8 /* ExhaustiveSearch.swift in Sources */,
				52D5ED9125FEDF9600D3C9E7 /* QuickSort.swift in Sources */,
				52D5ED8E25FEBB2E00D3C9E7 /* Sorting.swift in Sources */,
				52D5ED8125FC4C3400D3C9E7 /* DirectoryCrawler.swift in Sources */,
				522AEC9725F8210400B3F4FE /* Recursion.swift in Sources */,
				52D5ED8725FD43AF00D3C9E7 /* Board.swift in Sources */,
				52D5ED7D25FB373200D3C9E7 /* BackTracking.swift in Sources */,
				52D5ED952600086A00D3C9E7 /* Bag.swift in Sources */,
				522AEC8E25F820AB00B3F4FE /* main.swift in Sources */,
			);
			runOnlyForDeploymentPostprocessing = 0;
		};
/* End PBXSourcesBuildPhase section */

/* Begin XCBuildConfiguration section */
		522AEC8F25F820AB00B3F4FE /* Debug */ = {
			isa = XCBuildConfiguration;
			buildSettings = {
				ALWAYS_SEARCH_USER_PATHS = NO;
				CLANG_ANALYZER_NONNULL = YES;
				CLANG_ANALYZER_NUMBER_OBJECT_CONVERSION = YES_AGGRESSIVE;
				CLANG_CXX_LANGUAGE_STANDARD = "gnu++14";
				CLANG_CXX_LIBRARY = "libc++";
				CLANG_ENABLE_MODULES = YES;
				CLANG_ENABLE_OBJC_ARC = YES;
				CLANG_ENABLE_OBJC_WEAK = YES;
				CLANG_WARN_BLOCK_CAPTURE_AUTORELEASING = YES;
				CLANG_WARN_BOOL_CONVERSION = YES;
				CLANG_WARN_COMMA = YES;
				CLANG_WARN_CONSTANT_CONVERSION = YES;
				CLANG_WARN_DEPRECATED_OBJC_IMPLEMENTATIONS = YES;
				CLANG_WARN_DIRECT_OBJC_ISA_USAGE = YES_ERROR;
				CLANG_WARN_DOCUMENTATION_COMMENTS = YES;
				CLANG_WARN_EMPTY_BODY = YES;
				CLANG_WARN_ENUM_CONVERSION = YES;
				CLANG_WARN_INFINITE_RECURSION = YES;
				CLANG_WARN_INT_CONVERSION = YES;
				CLANG_WARN_NON_LITERAL_NULL_CONVERSION = YES;
				CLANG_WARN_OBJC_IMPLICIT_RETAIN_SELF = YES;
				CLANG_WARN_OBJC_LITERAL_CONVERSION = YES;
				CLANG_WARN_OBJC_ROOT_CLASS = YES_ERROR;
				CLANG_WARN_QUOTED_INCLUDE_IN_FRAMEWORK_HEADER = YES;
				CLANG_WARN_RANGE_LOOP_ANALYSIS = YES;
				CLANG_WARN_STRICT_PROTOTYPES = YES;
				CLANG_WARN_SUSPICIOUS_MOVE = YES;
				CLANG_WARN_UNGUARDED_AVAILABILITY = YES_AGGRESSIVE;
				CLANG_WARN_UNREACHABLE_CODE = YES;
				CLANG_WARN__DUPLICATE_METHOD_MATCH = YES;
				COPY_PHASE_STRIP = NO;
				DEBUG_INFORMATION_FORMAT = dwarf;
				ENABLE_STRICT_OBJC_MSGSEND = YES;
				ENABLE_TESTABILITY = YES;
				GCC_C_LANGUAGE_STANDARD = gnu11;
				GCC_DYNAMIC_NO_PIC = NO;
				GCC_NO_COMMON_BLOCKS = YES;
				GCC_OPTIMIZATION_LEVEL = 0;
				GCC_PREPROCESSOR_DEFINITIONS = (
					"DEBUG=1",
					"$(inherited)",
				);
				GCC_WARN_64_TO_32_BIT_CONVERSION = YES;
				GCC_WARN_ABOUT_RETURN_TYPE = YES_ERROR;
				GCC_WARN_UNDECLARED_SELECTOR = YES;
				GCC_WARN_UNINITIALIZED_AUTOS = YES_AGGRESSIVE;
				GCC_WARN_UNUSED_FUNCTION = YES;
				GCC_WARN_UNUSED_VARIABLE = YES;
				MACOSX_DEPLOYMENT_TARGET = 10.15;
				MTL_ENABLE_DEBUG_INFO = INCLUDE_SOURCE;
				MTL_FAST_MATH = YES;
				ONLY_ACTIVE_ARCH = YES;
				SDKROOT = macosx;
				SWIFT_ACTIVE_COMPILATION_CONDITIONS = DEBUG;
				SWIFT_OPTIMIZATION_LEVEL = "-Onone";
			};
			name = Debug;
		};
		522AEC9025F820AB00B3F4FE /* Release */ = {
			isa = XCBuildConfiguration;
			buildSettings = {
				ALWAYS_SEARCH_USER_PATHS = NO;
				CLANG_ANALYZER_NONNULL = YES;
				CLANG_ANALYZER_NUMBER_OBJECT_CONVERSION = YES_AGGRESSIVE;
				CLANG_CXX_LANGUAGE_STANDARD = "gnu++14";
				CLANG_CXX_LIBRARY = "libc++";
				CLANG_ENABLE_MODULES = YES;
				CLANG_ENABLE_OBJC_ARC = YES;
				CLANG_ENABLE_OBJC_WEAK = YES;
				CLANG_WARN_BLOCK_CAPTURE_AUTORELEASING = YES;
				CLANG_WARN_BOOL_CONVERSION = YES;
				CLANG_WARN_COMMA = YES;
				CLANG_WARN_CONSTANT_CONVERSION = YES;
				CLANG_WARN_DEPRECATED_OBJC_IMPLEMENTATIONS = YES;
				CLANG_WARN_DIRECT_OBJC_ISA_USAGE = YES_ERROR;
				CLANG_WARN_DOCUMENTATION_COMMENTS = YES;
				CLANG_WARN_EMPTY_BODY = YES;
				CLANG_WARN_ENUM_CONVERSION = YES;
				CLANG_WARN_INFINITE_RECURSION = YES;
				CLANG_WARN_INT_CONVERSION = YES;
				CLANG_WARN_NON_LITERAL_NULL_CONVERSION = YES;
				CLANG_WARN_OBJC_IMPLICIT_RETAIN_SELF = YES;
				CLANG_WARN_OBJC_LITERAL_CONVERSION = YES;
				CLANG_WARN_OBJC_ROOT_CLASS = YES_ERROR;
				CLANG_WARN_QUOTED_INCLUDE_IN_FRAMEWORK_HEADER = YES;
				CLANG_WARN_RANGE_LOOP_ANALYSIS = YES;
				CLANG_WARN_STRICT_PROTOTYPES = YES;
				CLANG_WARN_SUSPICIOUS_MOVE = YES;
				CLANG_WARN_UNGUARDED_AVAILABILITY = YES_AGGRESSIVE;
				CLANG_WARN_UNREACHABLE_CODE = YES;
				CLANG_WARN__DUPLICATE_METHOD_MATCH = YES;
				COPY_PHASE_STRIP = NO;
				DEBUG_INFORMATION_FORMAT = "dwarf-with-dsym";
				ENABLE_NS_ASSERTIONS = NO;
				ENABLE_STRICT_OBJC_MSGSEND = YES;
				GCC_C_LANGUAGE_STANDARD = gnu11;
				GCC_NO_COMMON_BLOCKS = YES;
				GCC_WARN_64_TO_32_BIT_CONVERSION = YES;
				GCC_WARN_ABOUT_RETURN_TYPE = YES_ERROR;
				GCC_WARN_UNDECLARED_SELECTOR = YES;
				GCC_WARN_UNINITIALIZED_AUTOS = YES_AGGRESSIVE;
				GCC_WARN_UNUSED_FUNCTION = YES;
				GCC_WARN_UNUSED_VARIABLE = YES;
				MACOSX_DEPLOYMENT_TARGET = 10.15;
				MTL_ENABLE_DEBUG_INFO = NO;
				MTL_FAST_MATH = YES;
				SDKROOT = macosx;
				SWIFT_COMPILATION_MODE = wholemodule;
				SWIFT_OPTIMIZATION_LEVEL = "-O";
			};
			name = Release;
		};
		522AEC9225F820AB00B3F4FE /* Debug */ = {
			isa = XCBuildConfiguration;
			buildSettings = {
				CODE_SIGN_STYLE = Automatic;
				DEVELOPMENT_TEAM = AYHFX5HL8Z;
				ENABLE_HARDENED_RUNTIME = YES;
				PRODUCT_NAME = "$(TARGET_NAME)";
				SWIFT_VERSION = 5.0;
			};
			name = Debug;
		};
		522AEC9325F820AB00B3F4FE /* Release */ = {
			isa = XCBuildConfiguration;
			buildSettings = {
				CODE_SIGN_STYLE = Automatic;
				DEVELOPMENT_TEAM = AYHFX5HL8Z;
				ENABLE_HARDENED_RUNTIME = YES;
				PRODUCT_NAME = "$(TARGET_NAME)";
				SWIFT_VERSION = 5.0;
			};
			name = Release;
		};
/* End XCBuildConfiguration section */

/* Begin XCConfigurationList section */
		522AEC8525F820AA00B3F4FE /* Build configuration list for PBXProject "AlgorithmsDataStructures" */ = {
			isa = XCConfigurationList;
			buildConfigurations = (
				522AEC8F25F820AB00B3F4FE /* Debug */,
				522AEC9025F820AB00B3F4FE /* Release */,
			);
			defaultConfigurationIsVisible = 0;
			defaultConfigurationName = Release;
		};
		522AEC9125F820AB00B3F4FE /* Build configuration list for PBXNativeTarget "AlgorithmsDataStructures" */ = {
			isa = XCConfigurationList;
			buildConfigurations = (
				522AEC9225F820AB00B3F4FE /* Debug */,
				522AEC9325F820AB00B3F4FE /* Release */,
			);
			defaultConfigurationIsVisible = 0;
			defaultConfigurationName = Release;
		};
/* End XCConfigurationList section */
	};
	rootObject = 522AEC8225F820AA00B3F4FE /* Project object */;
}
